
Microsoft Visual Studio Solution File, Format Version 10.00
# Visual Studio 2008
Project("{2150E333-8FDC-42A3-9474-1A3956D46DE8}") = "SfM", "SfM", "{20A9F0CC-F46B-4387-9113-8D170C4E788D}"
EndProject
Project("{2150E333-8FDC-42A3-9474-1A3956D46DE8}") = "Dependencies", "Dependencies", "{5281A1FE-FF30-49EF-B785-C5DD9615BBE9}"
EndProject
Project("{8BC9CEB8-8B4A-11D0-8D11-00A0C91BC942}") = "V3D", "V3D\script\V3D.vcproj", "{5D4B9647-D2AE-43FF-946B-356C93FFA524}"
	ProjectSection(ProjectDependencies) = postProject
		{1EADA708-F8B6-47EE-9DDC-31A3FB3929F3} = {1EADA708-F8B6-47EE-9DDC-31A3FB3929F3}
		{8FE095A4-113E-43BD-9A18-8D735EA18426} = {8FE095A4-113E-43BD-9A18-8D735EA18426}
		{3FA956A8-0399-4E86-81F2-D1C28FDB2D3E} = {3FA956A8-0399-4E86-81F2-D1C28FDB2D3E}
		{36A336C2-1DFB-4DD1-9212-FF54A660A2D3} = {36A336C2-1DFB-4DD1-9212-FF54A660A2D3}
	EndProjectSection
EndProject
Project("{8BC9CEB8-8B4A-11D0-8D11-00A0C91BC942}") = "reconstruction", "SfM\reconstruction\script\reconstruction.vcproj", "{29B2F58E-676C-4B04-BDE5-7B8152BC8F81}"
EndProject
Project("{8BC9CEB8-8B4A-11D0-8D11-00A0C91BC942}") = "align_submodels", "SfM\align_submodels\script\align_submodels.vcproj", "{8100F625-E2DE-4352-B8B9-C900A978B187}"
	ProjectSection(ProjectDependencies) = postProject
		{5D4B9647-D2AE-43FF-946B-356C93FFA524} = {5D4B9647-D2AE-43FF-946B-356C93FFA524}
		{29B2F58E-676C-4B04-BDE5-7B8152BC8F81} = {29B2F58E-676C-4B04-BDE5-7B8152BC8F81}
	EndProjectSection
EndProject
Project("{8BC9CEB8-8B4A-11D0-8D11-00A0C91BC942}") = "extract_sift_gpu", "SfM\extract_sift_gpu\script\extract_sift_gpu.vcproj", "{F3213212-0EB0-461A-AA4B-E00B1818E7F0}"
	ProjectSection(ProjectDependencies) = postProject
		{5D4B9647-D2AE-43FF-946B-356C93FFA524} = {5D4B9647-D2AE-43FF-946B-356C93FFA524}
	EndProjectSection
EndProject
Project("{8BC9CEB8-8B4A-11D0-8D11-00A0C91BC942}") = "generate_calibration_db", "SfM\generate_calibration_db\script\generate_calibration_db.vcproj", "{DEA697EE-63B2-4545-B7FA-A13DBB69D195}"
	ProjectSection(ProjectDependencies) = postProject
		{5D4B9647-D2AE-43FF-946B-356C93FFA524} = {5D4B9647-D2AE-43FF-946B-356C93FFA524}
	EndProjectSection
EndProject
Project("{8BC9CEB8-8B4A-11D0-8D11-00A0C91BC942}") = "generate_submodels_L1", "SfM\generate_submodels_L1\script\generate_submodels_L1.vcproj", "{0D382AE1-872A-4FBD-A6C6-4F0CE14AD86C}"
	ProjectSection(ProjectDependencies) = postProject
		{5D4B9647-D2AE-43FF-946B-356C93FFA524} = {5D4B9647-D2AE-43FF-946B-356C93FFA524}
		{29B2F58E-676C-4B04-BDE5-7B8152BC8F81} = {29B2F58E-676C-4B04-BDE5-7B8152BC8F81}
	EndProjectSection
EndProject
Project("{8BC9CEB8-8B4A-11D0-8D11-00A0C91BC942}") = "generate_triples", "SfM\generate_triples\script\generate_triples.vcproj", "{2972ADDD-DABC-4A31-B76B-D7CCD81BD55E}"
	ProjectSection(ProjectDependencies) = postProject
		{5D4B9647-D2AE-43FF-946B-356C93FFA524} = {5D4B9647-D2AE-43FF-946B-356C93FFA524}
		{29B2F58E-676C-4B04-BDE5-7B8152BC8F81} = {29B2F58E-676C-4B04-BDE5-7B8152BC8F81}
	EndProjectSection
EndProject
Project("{8BC9CEB8-8B4A-11D0-8D11-00A0C91BC942}") = "match_sequence", "SfM\match_sequence\script\match_sequence.vcproj", "{9DF50017-492D-43E0-9146-4D1CA66C44A4}"
	ProjectSection(ProjectDependencies) = postProject
		{5D4B9647-D2AE-43FF-946B-356C93FFA524} = {5D4B9647-D2AE-43FF-946B-356C93FFA524}
		{29B2F58E-676C-4B04-BDE5-7B8152BC8F81} = {29B2F58E-676C-4B04-BDE5-7B8152BC8F81}
	EndProjectSection
EndProject
Project("{8BC9CEB8-8B4A-11D0-8D11-00A0C91BC942}") = "match_using_voctree", "SfM\match_using_voctree\script\match_using_voctree.vcproj", "{095100B8-43AC-40A4-AAA8-791398654882}"
	ProjectSection(ProjectDependencies) = postProject
		{5D4B9647-D2AE-43FF-946B-356C93FFA524} = {5D4B9647-D2AE-43FF-946B-356C93FFA524}
		{29B2F58E-676C-4B04-BDE5-7B8152BC8F81} = {29B2F58E-676C-4B04-BDE5-7B8152BC8F81}
	EndProjectSection
EndProject
Project("{8BC9CEB8-8B4A-11D0-8D11-00A0C91BC942}") = "reconstruct_from_EGs_L1", "SfM\reconstruct_from_EGs_L1\script\reconstruct_from_EGs_L1.vcproj", "{5FB0704D-223D-480E-BCE3-11AEBC0B3D2C}"
	ProjectSection(ProjectDependencies) = postProject
		{5D4B9647-D2AE-43FF-946B-356C93FFA524} = {5D4B9647-D2AE-43FF-946B-356C93FFA524}
		{29B2F58E-676C-4B04-BDE5-7B8152BC8F81} = {29B2F58E-676C-4B04-BDE5-7B8152BC8F81}
	EndProjectSection
EndProject
Project("{8BC9CEB8-8B4A-11D0-8D11-00A0C91BC942}") = "reconstruct_from_submodels_L1", "SfM\reconstruct_from_submodels_L1\script\reconstruct_from_submodels_L1.vcproj", "{C7AFE2FF-383B-48C7-9C21-AA781DD039BE}"
	ProjectSection(ProjectDependencies) = postProject
		{5D4B9647-D2AE-43FF-946B-356C93FFA524} = {5D4B9647-D2AE-43FF-946B-356C93FFA524}
		{29B2F58E-676C-4B04-BDE5-7B8152BC8F81} = {29B2F58E-676C-4B04-BDE5-7B8152BC8F81}
	EndProjectSection
EndProject
Project("{8BC9CEB8-8B4A-11D0-8D11-00A0C91BC942}") = "undistort_images", "SfM\undistort_images\script\undistort_images.vcproj", "{6FF4ED8C-2017-4332-A666-BEFD641C42E0}"
	ProjectSection(ProjectDependencies) = postProject
		{5D4B9647-D2AE-43FF-946B-356C93FFA524} = {5D4B9647-D2AE-43FF-946B-356C93FFA524}
	EndProjectSection
EndProject
Project("{8BC9CEB8-8B4A-11D0-8D11-00A0C91BC942}") = "v3dmodel2wrl", "SfM\v3dmodel2wrl\script\v3dmodel2wrl.vcproj", "{497046AF-2454-4BC8-8A4A-93A8FD893DFF}"
	ProjectSection(ProjectDependencies) = postProject
		{5D4B9647-D2AE-43FF-946B-356C93FFA524} = {5D4B9647-D2AE-43FF-946B-356C93FFA524}
	EndProjectSection
EndProject
Project("{8BC9CEB8-8B4A-11D0-8D11-00A0C91BC942}") = "lpsolve", "Dependencies\lpsolve\script\lpsolve.vcproj", "{90F6347F-653A-4D5A-B931-8D0739E54989}"
EndProject
Project("{8BC9CEB8-8B4A-11D0-8D11-00A0C91BC942}") = "colamd", "Dependencies\colamd\script\colamd.vcproj", "{8FE095A4-113E-43BD-9A18-8D735EA18426}"
EndProject
Project("{8BC9CEB8-8B4A-11D0-8D11-00A0C91BC942}") = "ldl", "Dependencies\ldl\script\ldl.vcproj", "{1EADA708-F8B6-47EE-9DDC-31A3FB3929F3}"
EndProject
Project("{8BC9CEB8-8B4A-11D0-8D11-00A0C91BC942}") = "SiftGPU", "Dependencies\SiftGPU\script\SiftGPU.vcproj", "{7E0E0508-3D43-4559-A66D-127C975EF30B}"
EndProject
Project("{8BC9CEB8-8B4A-11D0-8D11-00A0C91BC942}") = "cg", "Dependencies\cg\script\cg.vcproj", "{20956BE4-B3E1-406B-A832-83E50319D346}"
EndProject
Project("{8BC9CEB8-8B4A-11D0-8D11-00A0C91BC942}") = "libpng", "Dependencies\libpng\script\libpng.vcproj", "{181D94AB-9FD1-4060-816D-A1F5A4C0D4D7}"
EndProject
Project("{8BC9CEB8-8B4A-11D0-8D11-00A0C91BC942}") = "SQLite3", "Dependencies\SQLite3\script\SQLite3.vcproj", "{BB22BF57-9001-4D4E-A6B7-F8F9CC17DA2E}"
EndProject
Project("{8BC9CEB8-8B4A-11D0-8D11-00A0C91BC942}") = "libjpeg", "Dependencies\libjpeg\script\libjpeg.vcproj", "{F60C95E2-A65D-4FF1-AFAC-237CA41A72EF}"
EndProject
Project("{8BC9CEB8-8B4A-11D0-8D11-00A0C91BC942}") = "zlib", "Dependencies\zlib\script\zlib.vcproj", "{5DE8E1F7-A494-4DAA-9E27-981F9ADA4BDA}"
EndProject
Project("{2150E333-8FDC-42A3-9474-1A3956D46DE8}") = "CycleInference", "CycleInference", "{6822944C-0ECE-4E7A-8446-1EE5EEC16AD9}"
EndProject
Project("{8BC9CEB8-8B4A-11D0-8D11-00A0C91BC942}") = "V3D-ETH", "CycleInference\V3D-ETH\script\V3D-ETH.vcproj", "{F399A32F-919D-4C03-B8C1-F8B9B996D307}"
	ProjectSection(ProjectDependencies) = postProject
		{1C367B13-616C-4043-9B56-9BCFDA38CA3B} = {1C367B13-616C-4043-9B56-9BCFDA38CA3B}
	EndProjectSection
EndProject
Project("{8BC9CEB8-8B4A-11D0-8D11-00A0C91BC942}") = "verify_EG_edges", "CycleInference\verify_EG_edges\script\verify_EG_edges.vcproj", "{94479F78-EE72-441E-81BA-943EB44F4B88}"
	ProjectSection(ProjectDependencies) = postProject
		{F399A32F-919D-4C03-B8C1-F8B9B996D307} = {F399A32F-919D-4C03-B8C1-F8B9B996D307}
		{5D4B9647-D2AE-43FF-946B-356C93FFA524} = {5D4B9647-D2AE-43FF-946B-356C93FFA524}
	EndProjectSection
EndProject
Project("{8BC9CEB8-8B4A-11D0-8D11-00A0C91BC942}") = "verify_EG_stage2", "CycleInference\verify_EG_stage2\script\verify_EG_stage2.vcproj", "{0C5B2283-56B8-4C39-8578-C6FD5836050D}"
	ProjectSection(ProjectDependencies) = postProject
		{F399A32F-919D-4C03-B8C1-F8B9B996D307} = {F399A32F-919D-4C03-B8C1-F8B9B996D307}
		{5D4B9647-D2AE-43FF-946B-356C93FFA524} = {5D4B9647-D2AE-43FF-946B-356C93FFA524}
		{29B2F58E-676C-4B04-BDE5-7B8152BC8F81} = {29B2F58E-676C-4B04-BDE5-7B8152BC8F81}
	EndProjectSection
EndProject
Project("{8BC9CEB8-8B4A-11D0-8D11-00A0C91BC942}") = "visualize_matches", "CycleInference\visualize_matches\script\visualize_matches.vcproj", "{44C7E5B2-8507-4F27-B649-D2E67C7C9124}"
	ProjectSection(ProjectDependencies) = postProject
		{F399A32F-919D-4C03-B8C1-F8B9B996D307} = {F399A32F-919D-4C03-B8C1-F8B9B996D307}
		{5D4B9647-D2AE-43FF-946B-356C93FFA524} = {5D4B9647-D2AE-43FF-946B-356C93FFA524}
	EndProjectSection
EndProject
Project("{8BC9CEB8-8B4A-11D0-8D11-00A0C91BC942}") = "LibExif", "Dependencies\LibExif\script\LibExif.vcproj", "{36A336C2-1DFB-4DD1-9212-FF54A660A2D3}"
EndProject
Project("{8BC9CEB8-8B4A-11D0-8D11-00A0C91BC942}") = "ArPack", "Dependencies\ArPack\script\ArPack.vcproj", "{3FA956A8-0399-4E86-81F2-D1C28FDB2D3E}"
EndProject
Project("{8BC9CEB8-8B4A-11D0-8D11-00A0C91BC942}") = "freeglut", "Dependencies\freeglut\script\freeglut.vcproj", "{BE533684-255B-4719-8A7B-F3812600CDF0}"
EndProject
Project("{8BC9CEB8-8B4A-11D0-8D11-00A0C91BC942}") = "libDAI", "Dependencies\libDAI\script\libDAI.vcproj", "{1C367B13-616C-4043-9B56-9BCFDA38CA3B}"
EndProject
Global
	GlobalSection(SolutionConfigurationPlatforms) = preSolution
		Debug|Win32 = Debug|Win32
		Release|Win32 = Release|Win32
	EndGlobalSection
	GlobalSection(ProjectConfigurationPlatforms) = postSolution
		{5D4B9647-D2AE-43FF-946B-356C93FFA524}.Debug|Win32.ActiveCfg = Debug|Win32
		{5D4B9647-D2AE-43FF-946B-356C93FFA524}.Debug|Win32.Build.0 = Debug|Win32
		{5D4B9647-D2AE-43FF-946B-356C93FFA524}.Release|Win32.ActiveCfg = Release|Win32
		{5D4B9647-D2AE-43FF-946B-356C93FFA524}.Release|Win32.Build.0 = Release|Win32
		{29B2F58E-676C-4B04-BDE5-7B8152BC8F81}.Debug|Win32.ActiveCfg = Debug|Win32
		{29B2F58E-676C-4B04-BDE5-7B8152BC8F81}.Debug|Win32.Build.0 = Debug|Win32
		{29B2F58E-676C-4B04-BDE5-7B8152BC8F81}.Release|Win32.ActiveCfg = Release|Win32
		{29B2F58E-676C-4B04-BDE5-7B8152BC8F81}.Release|Win32.Build.0 = Release|Win32
		{8100F625-E2DE-4352-B8B9-C900A978B187}.Debug|Win32.ActiveCfg = Debug|Win32
		{8100F625-E2DE-4352-B8B9-C900A978B187}.Debug|Win32.Build.0 = Debug|Win32
		{8100F625-E2DE-4352-B8B9-C900A978B187}.Release|Win32.ActiveCfg = Release|Win32
		{8100F625-E2DE-4352-B8B9-C900A978B187}.Release|Win32.Build.0 = Release|Win32
		{F3213212-0EB0-461A-AA4B-E00B1818E7F0}.Debug|Win32.ActiveCfg = Debug|Win32
		{F3213212-0EB0-461A-AA4B-E00B1818E7F0}.Debug|Win32.Build.0 = Debug|Win32
		{F3213212-0EB0-461A-AA4B-E00B1818E7F0}.Release|Win32.ActiveCfg = Release|Win32
		{F3213212-0EB0-461A-AA4B-E00B1818E7F0}.Release|Win32.Build.0 = Release|Win32
		{DEA697EE-63B2-4545-B7FA-A13DBB69D195}.Debug|Win32.ActiveCfg = Debug|Win32
		{DEA697EE-63B2-4545-B7FA-A13DBB69D195}.Debug|Win32.Build.0 = Debug|Win32
		{DEA697EE-63B2-4545-B7FA-A13DBB69D195}.Release|Win32.ActiveCfg = Release|Win32
		{DEA697EE-63B2-4545-B7FA-A13DBB69D195}.Release|Win32.Build.0 = Release|Win32
		{0D382AE1-872A-4FBD-A6C6-4F0CE14AD86C}.Debug|Win32.ActiveCfg = Debug|Win32
		{0D382AE1-872A-4FBD-A6C6-4F0CE14AD86C}.Debug|Win32.Build.0 = Debug|Win32
		{0D382AE1-872A-4FBD-A6C6-4F0CE14AD86C}.Release|Win32.ActiveCfg = Release|Win32
		{0D382AE1-872A-4FBD-A6C6-4F0CE14AD86C}.Release|Win32.Build.0 = Release|Win32
		{2972ADDD-DABC-4A31-B76B-D7CCD81BD55E}.Debug|Win32.ActiveCfg = Debug|Win32
		{2972ADDD-DABC-4A31-B76B-D7CCD81BD55E}.Debug|Win32.Build.0 = Debug|Win32
		{2972ADDD-DABC-4A31-B76B-D7CCD81BD55E}.Release|Win32.ActiveCfg = Release|Win32
		{2972ADDD-DABC-4A31-B76B-D7CCD81BD55E}.Release|Win32.Build.0 = Release|Win32
		{9DF50017-492D-43E0-9146-4D1CA66C44A4}.Debug|Win32.ActiveCfg = Debug|Win32
		{9DF50017-492D-43E0-9146-4D1CA66C44A4}.Debug|Win32.Build.0 = Debug|Win32
		{9DF50017-492D-43E0-9146-4D1CA66C44A4}.Release|Win32.ActiveCfg = Release|Win32
		{9DF50017-492D-43E0-9146-4D1CA66C44A4}.Release|Win32.Build.0 = Release|Win32
		{095100B8-43AC-40A4-AAA8-791398654882}.Debug|Win32.ActiveCfg = Debug|Win32
		{095100B8-43AC-40A4-AAA8-791398654882}.Debug|Win32.Build.0 = Debug|Win32
		{095100B8-43AC-40A4-AAA8-791398654882}.Release|Win32.ActiveCfg = Release|Win32
		{095100B8-43AC-40A4-AAA8-791398654882}.Release|Win32.Build.0 = Release|Win32
		{5FB0704D-223D-480E-BCE3-11AEBC0B3D2C}.Debug|Win32.ActiveCfg = Debug|Win32
		{5FB0704D-223D-480E-BCE3-11AEBC0B3D2C}.Debug|Win32.Build.0 = Debug|Win32
		{5FB0704D-223D-480E-BCE3-11AEBC0B3D2C}.Release|Win32.ActiveCfg = Release|Win32
		{5FB0704D-223D-480E-BCE3-11AEBC0B3D2C}.Release|Win32.Build.0 = Release|Win32
		{C7AFE2FF-383B-48C7-9C21-AA781DD039BE}.Debug|Win32.ActiveCfg = Debug|Win32
		{C7AFE2FF-383B-48C7-9C21-AA781DD039BE}.Debug|Win32.Build.0 = Debug|Win32
		{C7AFE2FF-383B-48C7-9C21-AA781DD039BE}.Release|Win32.ActiveCfg = Release|Win32
		{C7AFE2FF-383B-48C7-9C21-AA781DD039BE}.Release|Win32.Build.0 = Release|Win32
		{6FF4ED8C-2017-4332-A666-BEFD641C42E0}.Debug|Win32.ActiveCfg = Debug|Win32
		{6FF4ED8C-2017-4332-A666-BEFD641C42E0}.Debug|Win32.Build.0 = Debug|Win32
		{6FF4ED8C-2017-4332-A666-BEFD641C42E0}.Release|Win32.ActiveCfg = Release|Win32
		{6FF4ED8C-2017-4332-A666-BEFD641C42E0}.Release|Win32.Build.0 = Release|Win32
		{497046AF-2454-4BC8-8A4A-93A8FD893DFF}.Debug|Win32.ActiveCfg = Debug|Win32
		{497046AF-2454-4BC8-8A4A-93A8FD893DFF}.Debug|Win32.Build.0 = Debug|Win32
		{497046AF-2454-4BC8-8A4A-93A8FD893DFF}.Release|Win32.ActiveCfg = Release|Win32
		{497046AF-2454-4BC8-8A4A-93A8FD893DFF}.Release|Win32.Build.0 = Release|Win32
		{90F6347F-653A-4D5A-B931-8D0739E54989}.Debug|Win32.ActiveCfg = Debug|Win32
		{90F6347F-653A-4D5A-B931-8D0739E54989}.Debug|Win32.Build.0 = Debug|Win32
		{90F6347F-653A-4D5A-B931-8D0739E54989}.Release|Win32.ActiveCfg = Release|Win32
		{90F6347F-653A-4D5A-B931-8D0739E54989}.Release|Win32.Build.0 = Release|Win32
		{8FE095A4-113E-43BD-9A18-8D735EA18426}.Debug|Win32.ActiveCfg = Debug|Win32
		{8FE095A4-113E-43BD-9A18-8D735EA18426}.Debug|Win32.Build.0 = Debug|Win32
		{8FE095A4-113E-43BD-9A18-8D735EA18426}.Release|Win32.ActiveCfg = Release|Win32
		{8FE095A4-113E-43BD-9A18-8D735EA18426}.Release|Win32.Build.0 = Release|Win32
		{1EADA708-F8B6-47EE-9DDC-31A3FB3929F3}.Debug|Win32.ActiveCfg = Debug|Win32
		{1EADA708-F8B6-47EE-9DDC-31A3FB3929F3}.Debug|Win32.Build.0 = Debug|Win32
		{1EADA708-F8B6-47EE-9DDC-31A3FB3929F3}.Release|Win32.ActiveCfg = Release|Win32
		{1EADA708-F8B6-47EE-9DDC-31A3FB3929F3}.Release|Win32.Build.0 = Release|Win32
		{7E0E0508-3D43-4559-A66D-127C975EF30B}.Debug|Win32.ActiveCfg = Debug|Win32
		{7E0E0508-3D43-4559-A66D-127C975EF30B}.Debug|Win32.Build.0 = Debug|Win32
		{7E0E0508-3D43-4559-A66D-127C975EF30B}.Release|Win32.ActiveCfg = Release|Win32
		{20956BE4-B3E1-406B-A832-83E50319D346}.Debug|Win32.ActiveCfg = Debug|Win32
		{20956BE4-B3E1-406B-A832-83E50319D346}.Debug|Win32.Build.0 = Debug|Win32
		{20956BE4-B3E1-406B-A832-83E50319D346}.Release|Win32.ActiveCfg = Release|Win32
		{181D94AB-9FD1-4060-816D-A1F5A4C0D4D7}.Debug|Win32.ActiveCfg = Debug|Win32
		{181D94AB-9FD1-4060-816D-A1F5A4C0D4D7}.Debug|Win32.Build.0 = Debug|Win32
		{181D94AB-9FD1-4060-816D-A1F5A4C0D4D7}.Release|Win32.ActiveCfg = Release|Win32
		{BB22BF57-9001-4D4E-A6B7-F8F9CC17DA2E}.Debug|Win32.ActiveCfg = Debug|Win32
		{BB22BF57-9001-4D4E-A6B7-F8F9CC17DA2E}.Debug|Win32.Build.0 = Debug|Win32
		{BB22BF57-9001-4D4E-A6B7-F8F9CC17DA2E}.Release|Win32.ActiveCfg = Release|Win32
		{F60C95E2-A65D-4FF1-AFAC-237CA41A72EF}.Debug|Win32.ActiveCfg = Debug|Win32
		{F60C95E2-A65D-4FF1-AFAC-237CA41A72EF}.Debug|Win32.Build.0 = Debug|Win32
		{F60C95E2-A65D-4FF1-AFAC-237CA41A72EF}.Release|Win32.ActiveCfg = Release|Win32
		{5DE8E1F7-A494-4DAA-9E27-981F9ADA4BDA}.Debug|Win32.ActiveCfg = Debug|Win32
		{5DE8E1F7-A494-4DAA-9E27-981F9ADA4BDA}.Debug|Win32.Build.0 = Debug|Win32
		{5DE8E1F7-A494-4DAA-9E27-981F9ADA4BDA}.Release|Win32.ActiveCfg = Release|Win32
		{F399A32F-919D-4C03-B8C1-F8B9B996D307}.Debug|Win32.ActiveCfg = Debug|Win32
		{F399A32F-919D-4C03-B8C1-F8B9B996D307}.Debug|Win32.Build.0 = Debug|Win32
		{F399A32F-919D-4C03-B8C1-F8B9B996D307}.Release|Win32.ActiveCfg = Release|Win32
		{F399A32F-919D-4C03-B8C1-F8B9B996D307}.Release|Win32.Build.0 = Release|Win32
		{94479F78-EE72-441E-81BA-943EB44F4B88}.Debug|Win32.ActiveCfg = Debug|Win32
		{94479F78-EE72-441E-81BA-943EB44F4B88}.Debug|Win32.Build.0 = Debug|Win32
		{94479F78-EE72-441E-81BA-943EB44F4B88}.Release|Win32.ActiveCfg = Release|Win32
		{94479F78-EE72-441E-81BA-943EB44F4B88}.Release|Win32.Build.0 = Release|Win32
		{0C5B2283-56B8-4C39-8578-C6FD5836050D}.Debug|Win32.ActiveCfg = Debug|Win32
		{0C5B2283-56B8-4C39-8578-C6FD5836050D}.Debug|Win32.Build.0 = Debug|Win32
		{0C5B2283-56B8-4C39-8578-C6FD5836050D}.Release|Win32.ActiveCfg = Release|Win32
		{0C5B2283-56B8-4C39-8578-C6FD5836050D}.Release|Win32.Build.0 = Release|Win32
		{44C7E5B2-8507-4F27-B649-D2E67C7C9124}.Debug|Win32.ActiveCfg = Debug|Win32
		{44C7E5B2-8507-4F27-B649-D2E67C7C9124}.Debug|Win32.Build.0 = Debug|Win32
		{44C7E5B2-8507-4F27-B649-D2E67C7C9124}.Release|Win32.ActiveCfg = Release|Win32
		{44C7E5B2-8507-4F27-B649-D2E67C7C9124}.Release|Win32.Build.0 = Release|Win32
		{36A336C2-1DFB-4DD1-9212-FF54A660A2D3}.Debug|Win32.ActiveCfg = Debug|Win32
		{36A336C2-1DFB-4DD1-9212-FF54A660A2D3}.Debug|Win32.Build.0 = Debug|Win32
		{36A336C2-1DFB-4DD1-9212-FF54A660A2D3}.Release|Win32.ActiveCfg = Release|Win32
		{36A336C2-1DFB-4DD1-9212-FF54A660A2D3}.Release|Win32.Build.0 = Release|Win32
		{3FA956A8-0399-4E86-81F2-D1C28FDB2D3E}.Debug|Win32.ActiveCfg = Debug|Win32
		{3FA956A8-0399-4E86-81F2-D1C28FDB2D3E}.Debug|Win32.Build.0 = Debug|Win32
		{3FA956A8-0399-4E86-81F2-D1C28FDB2D3E}.Release|Win32.ActiveCfg = Release|Win32
		{3FA956A8-0399-4E86-81F2-D1C28FDB2D3E}.Release|Win32.Build.0 = Release|Win32
		{BE533684-255B-4719-8A7B-F3812600CDF0}.Debug|Win32.ActiveCfg = Debug|Win32
		{BE533684-255B-4719-8A7B-F3812600CDF0}.Debug|Win32.Build.0 = Debug|Win32
		{BE533684-255B-4719-8A7B-F3812600CDF0}.Release|Win32.ActiveCfg = Release|Win32
		{1C367B13-616C-4043-9B56-9BCFDA38CA3B}.Debug|Win32.ActiveCfg = Debug|Win32
		{1C367B13-616C-4043-9B56-9BCFDA38CA3B}.Debug|Win32.Build.0 = Debug|Win32
		{1C367B13-616C-4043-9B56-9BCFDA38CA3B}.Release|Win32.ActiveCfg = Release|Win32
		{1C367B13-616C-4043-9B56-9BCFDA38CA3B}.Release|Win32.Build.0 = Release|Win32
	EndGlobalSection
	GlobalSection(SolutionProperties) = preSolution
		HideSolutionNode = FALSE
	EndGlobalSection
	GlobalSection(NestedProjects) = preSolution
		{29B2F58E-676C-4B04-BDE5-7B8152BC8F81} = {20A9F0CC-F46B-4387-9113-8D170C4E788D}
		{8100F625-E2DE-4352-B8B9-C900A978B187} = {20A9F0CC-F46B-4387-9113-8D170C4E788D}
		{F3213212-0EB0-461A-AA4B-E00B1818E7F0} = {20A9F0CC-F46B-4387-9113-8D170C4E788D}
		{DEA697EE-63B2-4545-B7FA-A13DBB69D195} = {20A9F0CC-F46B-4387-9113-8D170C4E788D}
		{0D382AE1-872A-4FBD-A6C6-4F0CE14AD86C} = {20A9F0CC-F46B-4387-9113-8D170C4E788D}
		{2972ADDD-DABC-4A31-B76B-D7CCD81BD55E} = {20A9F0CC-F46B-4387-9113-8D170C4E788D}
		{9DF50017-492D-43E0-9146-4D1CA66C44A4} = {20A9F0CC-F46B-4387-9113-8D170C4E788D}
		{095100B8-43AC-40A4-AAA8-791398654882} = {20A9F0CC-F46B-4387-9113-8D170C4E788D}
		{5FB0704D-223D-480E-BCE3-11AEBC0B3D2C} = {20A9F0CC-F46B-4387-9113-8D170C4E788D}
		{C7AFE2FF-383B-48C7-9C21-AA781DD039BE} = {20A9F0CC-F46B-4387-9113-8D170C4E788D}
		{6FF4ED8C-2017-4332-A666-BEFD641C42E0} = {20A9F0CC-F46B-4387-9113-8D170C4E788D}
		{497046AF-2454-4BC8-8A4A-93A8FD893DFF} = {20A9F0CC-F46B-4387-9113-8D170C4E788D}
		{90F6347F-653A-4D5A-B931-8D0739E54989} = {5281A1FE-FF30-49EF-B785-C5DD9615BBE9}
		{8FE095A4-113E-43BD-9A18-8D735EA18426} = {5281A1FE-FF30-49EF-B785-C5DD9615BBE9}
		{1EADA708-F8B6-47EE-9DDC-31A3FB3929F3} = {5281A1FE-FF30-49EF-B785-C5DD9615BBE9}
		{7E0E0508-3D43-4559-A66D-127C975EF30B} = {5281A1FE-FF30-49EF-B785-C5DD9615BBE9}
		{20956BE4-B3E1-406B-A832-83E50319D346} = {5281A1FE-FF30-49EF-B785-C5DD9615BBE9}
		{181D94AB-9FD1-4060-816D-A1F5A4C0D4D7} = {5281A1FE-FF30-49EF-B785-C5DD9615BBE9}
		{BB22BF57-9001-4D4E-A6B7-F8F9CC17DA2E} = {5281A1FE-FF30-49EF-B785-C5DD9615BBE9}
		{F60C95E2-A65D-4FF1-AFAC-237CA41A72EF} = {5281A1FE-FF30-49EF-B785-C5DD9615BBE9}
		{5DE8E1F7-A494-4DAA-9E27-981F9ADA4BDA} = {5281A1FE-FF30-49EF-B785-C5DD9615BBE9}
		{36A336C2-1DFB-4DD1-9212-FF54A660A2D3} = {5281A1FE-FF30-49EF-B785-C5DD9615BBE9}
		{3FA956A8-0399-4E86-81F2-D1C28FDB2D3E} = {5281A1FE-FF30-49EF-B785-C5DD9615BBE9}
		{BE533684-255B-4719-8A7B-F3812600CDF0} = {5281A1FE-FF30-49EF-B785-C5DD9615BBE9}
		{1C367B13-616C-4043-9B56-9BCFDA38CA3B} = {5281A1FE-FF30-49EF-B785-C5DD9615BBE9}
		{F399A32F-919D-4C03-B8C1-F8B9B996D307} = {6822944C-0ECE-4E7A-8446-1EE5EEC16AD9}
		{94479F78-EE72-441E-81BA-943EB44F4B88} = {6822944C-0ECE-4E7A-8446-1EE5EEC16AD9}
		{0C5B2283-56B8-4C39-8578-C6FD5836050D} = {6822944C-0ECE-4E7A-8446-1EE5EEC16AD9}
		{44C7E5B2-8507-4F27-B649-D2E67C7C9124} = {6822944C-0ECE-4E7A-8446-1EE5EEC16AD9}
	EndGlobalSection
EndGlobal
